
Microsoft Visual Studio Solution File, Format Version 12.00
# Visual Studio Version 17
VisualStudioVersion = 17.13.35818.85 d17.13
MinimumVisualStudioVersion = 10.0.40219.1
Project("{FAE04EC0-301F-11D3-BF4B-00C04F79EFBC}") = "PoliziaMunicipaleApp", "PolMunApp\PoliziaMunicipaleApp.csproj", "{0288A452-2024-410D-ACD1-95811BC3F3F9}"
EndProject
Global
	GlobalSection(SolutionConfigurationPlatforms) = preSolution
		Debug|Any CPU = Debug|Any CPU
		Release|Any CPU = Release|Any CPU
	EndGlobalSection
	GlobalSection(ProjectConfigurationPlatforms) = postSolution
		{0288A452-2024-410D-ACD1-95811BC3F3F9}.Debug|Any CPU.ActiveCfg = Debug|Any CPU
		{0288A452-2024-410D-ACD1-95811BC3F3F9}.Debug|Any CPU.Build.0 = Debug|Any CPU
		{0288A452-2024-410D-ACD1-95811BC3F3F9}.Release|Any CPU.ActiveCfg = Release|Any CPU
		{0288A452-2024-410D-ACD1-95811BC3F3F9}.Release|Any CPU.Build.0 = Release|Any CPU
	EndGlobalSection
	GlobalSection(SolutionProperties) = preSolution
		HideSolutionNode = FALSE
	EndGlobalSection
	GlobalSection(ExtensibilityGlobals) = postSolution
		SolutionGuid = {D0AE2FDB-A988-4581-B9E7-01136DC6C62E}
	EndGlobalSection
EndGlobal
